
Microsoft Visual Studio Solution File, Format Version 12.00
# Visual Studio Version 16
VisualStudioVersion = 16.0.31019.35
MinimumVisualStudioVersion = 10.0.40219.1
Project("{FAE04EC0-301F-11D3-BF4B-00C04F79EFBC}") = "TelegramWeatherTestBot", "TelegramWeatherTestBot\TelegramWeatherTestBot.csproj", "{CF916624-CD89-4526-9EC1-78165174ABC3}"
EndProject
Project("{FAE04EC0-301F-11D3-BF4B-00C04F79EFBC}") = "WeatherForecast", "WeatherForecast\WeatherForecast.csproj", "{480A2970-806E-4F7B-B4C1-45186375189E}"
EndProject
Global
	GlobalSection(SolutionConfigurationPlatforms) = preSolution
		Debug|Any CPU = Debug|Any CPU
		Release|Any CPU = Release|Any CPU
	EndGlobalSection
	GlobalSection(ProjectConfigurationPlatforms) = postSolution
		{CF916624-CD89-4526-9EC1-78165174ABC3}.Debug|Any CPU.ActiveCfg = Debug|Any CPU
		{CF916624-CD89-4526-9EC1-78165174ABC3}.Debug|Any CPU.Build.0 = Debug|Any CPU
		{CF916624-CD89-4526-9EC1-78165174ABC3}.Release|Any CPU.ActiveCfg = Release|Any CPU
		{CF916624-CD89-4526-9EC1-78165174ABC3}.Release|Any CPU.Build.0 = Release|Any CPU
		{480A2970-806E-4F7B-B4C1-45186375189E}.Debug|Any CPU.ActiveCfg = Debug|Any CPU
		{480A2970-806E-4F7B-B4C1-45186375189E}.Debug|Any CPU.Build.0 = Debug|Any CPU
		{480A2970-806E-4F7B-B4C1-45186375189E}.Release|Any CPU.ActiveCfg = Release|Any CPU
		{480A2970-806E-4F7B-B4C1-45186375189E}.Release|Any CPU.Build.0 = Release|Any CPU
	EndGlobalSection
	GlobalSection(SolutionProperties) = preSolution
		HideSolutionNode = FALSE
	EndGlobalSection
	GlobalSection(ExtensibilityGlobals) = postSolution
		SolutionGuid = {B46E5923-EF88-447F-8DB6-7393B021FCCA}
	EndGlobalSection
EndGlobal
